// !$*UTF8*$!
{
	archiveVersion = 1;
	classes = {
	};
	objectVersion = 46;
	objects = {

/* Begin PBXBuildFile section */
		24D101D157FA217383EDF39B /* Pods_PruebaUITests.framework in Frameworks */ = {isa = PBXBuildFile; fileRef = 313A2DE7C66AFDB6D73E0C44 /* Pods_PruebaUITests.framework */; };
		40DAB6DBE7D1740A672882D0 /* Pods_PruebaTests.framework in Frameworks */ = {isa = PBXBuildFile; fileRef = 05EEDFC18E96070A3DA6FAB4 /* Pods_PruebaTests.framework */; };
		B4ADFB3C603C0C8BEEAC8979 /* Pods_Prueba.framework in Frameworks */ = {isa = PBXBuildFile; fileRef = 8F6F6CB2A370EED2ED492D13 /* Pods_Prueba.framework */; };
		F72CD3291EF3E27300A261B9 /* CoreBluetooth.framework in Frameworks */ = {isa = PBXBuildFile; fileRef = F72CD3281EF3E27300A261B9 /* CoreBluetooth.framework */; };
		F7467A191EFA8C6300DE4FB8 /* WebserviceViewController.swift in Sources */ = {isa = PBXBuildFile; fileRef = F7467A181EFA8C6300DE4FB8 /* WebserviceViewController.swift */; };
		F7467A1D1EFA8DC800DE4FB8 /* ReachabilitySwift.swift in Sources */ = {isa = PBXBuildFile; fileRef = F7467A1C1EFA8DC800DE4FB8 /* ReachabilitySwift.swift */; };
		F7467A1F1EFA8EE600DE4FB8 /* NetworkManajer.swift in Sources */ = {isa = PBXBuildFile; fileRef = F7467A1E1EFA8EE600DE4FB8 /* NetworkManajer.swift */; };
		F7467A211EFA8EEF00DE4FB8 /* BackEndAPIManajer.swift in Sources */ = {isa = PBXBuildFile; fileRef = F7467A201EFA8EEF00DE4FB8 /* BackEndAPIManajer.swift */; };
		F7467A231EFA8EF900DE4FB8 /* Reachibility.swift in Sources */ = {isa = PBXBuildFile; fileRef = F7467A221EFA8EF900DE4FB8 /* Reachibility.swift */; };
		F7B93F8E1EF3C68B000A83A9 /* AppDelegate.swift in Sources */ = {isa = PBXBuildFile; fileRef = F7B93F8D1EF3C68B000A83A9 /* AppDelegate.swift */; };
		F7B93F901EF3C68B000A83A9 /* ViewController.swift in Sources */ = {isa = PBXBuildFile; fileRef = F7B93F8F1EF3C68B000A83A9 /* ViewController.swift */; };
		F7B93F931EF3C68B000A83A9 /* Main.storyboard in Resources */ = {isa = PBXBuildFile; fileRef = F7B93F911EF3C68B000A83A9 /* Main.storyboard */; };
		F7B93F951EF3C68B000A83A9 /* Assets.xcassets in Resources */ = {isa = PBXBuildFile; fileRef = F7B93F941EF3C68B000A83A9 /* Assets.xcassets */; };
		F7B93F981EF3C68B000A83A9 /* LaunchScreen.storyboard in Resources */ = {isa = PBXBuildFile; fileRef = F7B93F961EF3C68B000A83A9 /* LaunchScreen.storyboard */; };
		F7B93FA31EF3C68B000A83A9 /* PruebaTests.swift in Sources */ = {isa = PBXBuildFile; fileRef = F7B93FA21EF3C68B000A83A9 /* PruebaTests.swift */; };
		F7B93FAE1EF3C68B000A83A9 /* PruebaUITests.swift in Sources */ = {isa = PBXBuildFile; fileRef = F7B93FAD1EF3C68B000A83A9 /* PruebaUITests.swift */; };
		F7FA51BD1F00F76800FA7850 /* Prueba.xcdatamodel in Sources */ = {isa = PBXBuildFile; fileRef = F7FA51BC1F00F76800FA7850 /* Prueba.xcdatamodel */; };
		F7FA51C11F00FDFC00FA7850 /* ProtocoloBalizaComunicacion.swift in Sources */ = {isa = PBXBuildFile; fileRef = F7FA51C01F00FDFC00FA7850 /* ProtocoloBalizaComunicacion.swift */; };
		F7FA51C51F0118A300FA7850 /* BalizaWebService.swift in Sources */ = {isa = PBXBuildFile; fileRef = F7FA51C41F0118A300FA7850 /* BalizaWebService.swift */; };
		F7FA51C71F01285900FA7850 /* BalizaWebServicePresenter.swift in Sources */ = {isa = PBXBuildFile; fileRef = F7FA51C61F01285900FA7850 /* BalizaWebServicePresenter.swift */; };
		F7FA51CA1F01506F00FA7850 /* BLEPresenter.swift in Sources */ = {isa = PBXBuildFile; fileRef = F7FA51C91F01506F00FA7850 /* BLEPresenter.swift */; };
		F7FA51CC1F01523500FA7850 /* BLEService.swift in Sources */ = {isa = PBXBuildFile; fileRef = F7FA51CB1F01523500FA7850 /* BLEService.swift */; };
/* End PBXBuildFile section */

/* Begin PBXContainerItemProxy section */
		F7B93F9F1EF3C68B000A83A9 /* PBXContainerItemProxy */ = {
			isa = PBXContainerItemProxy;
			containerPortal = F7B93F821EF3C68B000A83A9 /* Project object */;
			proxyType = 1;
			remoteGlobalIDString = F7B93F891EF3C68B000A83A9;
			remoteInfo = Prueba;
		};
		F7B93FAA1EF3C68B000A83A9 /* PBXContainerItemProxy */ = {
			isa = PBXContainerItemProxy;
			containerPortal = F7B93F821EF3C68B000A83A9 /* Project object */;
			proxyType = 1;
			remoteGlobalIDString = F7B93F891EF3C68B000A83A9;
			remoteInfo = Prueba;
		};
/* End PBXContainerItemProxy section */

/* Begin PBXFileReference section */
		05EEDFC18E96070A3DA6FAB4 /* Pods_PruebaTests.framework */ = {isa = PBXFileReference; explicitFileType = wrapper.framework; includeInIndex = 0; path = Pods_PruebaTests.framework; sourceTree = BUILT_PRODUCTS_DIR; };
		313A2DE7C66AFDB6D73E0C44 /* Pods_PruebaUITests.framework */ = {isa = PBXFileReference; explicitFileType = wrapper.framework; includeInIndex = 0; path = Pods_PruebaUITests.framework; sourceTree = BUILT_PRODUCTS_DIR; };
		37414136A1E294B86B3C28BD /* Pods-PruebaTests.debug.xcconfig */ = {isa = PBXFileReference; includeInIndex = 1; lastKnownFileType = text.xcconfig; name = "Pods-PruebaTests.debug.xcconfig"; path = "Pods/Target Support Files/Pods-PruebaTests/Pods-PruebaTests.debug.xcconfig"; sourceTree = "<group>"; };
		4BA917BD672B7EF2A15E8C77 /* Pods-PruebaUITests.release.xcconfig */ = {isa = PBXFileReference; includeInIndex = 1; lastKnownFileType = text.xcconfig; name = "Pods-PruebaUITests.release.xcconfig"; path = "Pods/Target Support Files/Pods-PruebaUITests/Pods-PruebaUITests.release.xcconfig"; sourceTree = "<group>"; };
		59B7273B35869AA4CE0FDA98 /* Pods-Prueba.release.xcconfig */ = {isa = PBXFileReference; includeInIndex = 1; lastKnownFileType = text.xcconfig; name = "Pods-Prueba.release.xcconfig"; path = "Pods/Target Support Files/Pods-Prueba/Pods-Prueba.release.xcconfig"; sourceTree = "<group>"; };
		5BCF83AA2E9382C4AFD25694 /* Pods-PruebaUITests.debug.xcconfig */ = {isa = PBXFileReference; includeInIndex = 1; lastKnownFileType = text.xcconfig; name = "Pods-PruebaUITests.debug.xcconfig"; path = "Pods/Target Support Files/Pods-PruebaUITests/Pods-PruebaUITests.debug.xcconfig"; sourceTree = "<group>"; };
		72FB804E6EE08EA27C274561 /* Pods-Prueba.debug.xcconfig */ = {isa = PBXFileReference; includeInIndex = 1; lastKnownFileType = text.xcconfig; name = "Pods-Prueba.debug.xcconfig"; path = "Pods/Target Support Files/Pods-Prueba/Pods-Prueba.debug.xcconfig"; sourceTree = "<group>"; };
		8F6F6CB2A370EED2ED492D13 /* Pods_Prueba.framework */ = {isa = PBXFileReference; explicitFileType = wrapper.framework; includeInIndex = 0; path = Pods_Prueba.framework; sourceTree = BUILT_PRODUCTS_DIR; };
		DE218734D5F5DEB6058D191A /* Pods-PruebaTests.release.xcconfig */ = {isa = PBXFileReference; includeInIndex = 1; lastKnownFileType = text.xcconfig; name = "Pods-PruebaTests.release.xcconfig"; path = "Pods/Target Support Files/Pods-PruebaTests/Pods-PruebaTests.release.xcconfig"; sourceTree = "<group>"; };
		F72CD3281EF3E27300A261B9 /* CoreBluetooth.framework */ = {isa = PBXFileReference; lastKnownFileType = wrapper.framework; name = CoreBluetooth.framework; path = System/Library/Frameworks/CoreBluetooth.framework; sourceTree = SDKROOT; };
		F72CD32A1EF4082D00A261B9 /* Prueba.entitlements */ = {isa = PBXFileReference; lastKnownFileType = text.plist.entitlements; path = Prueba.entitlements; sourceTree = "<group>"; };
		F7467A181EFA8C6300DE4FB8 /* WebserviceViewController.swift */ = {isa = PBXFileReference; fileEncoding = 4; lastKnownFileType = sourcecode.swift; name = WebserviceViewController.swift; path = ../../httpconalamofire3/TaskManajer/WebserviceViewController.swift; sourceTree = "<group>"; };
		F7467A1C1EFA8DC800DE4FB8 /* ReachabilitySwift.swift */ = {isa = PBXFileReference; fileEncoding = 4; lastKnownFileType = sourcecode.swift; name = ReachabilitySwift.swift; path = ../../httpconalamofire3/TaskManajer/ReachabilitySwift.swift; sourceTree = "<group>"; };
		F7467A1E1EFA8EE600DE4FB8 /* NetworkManajer.swift */ = {isa = PBXFileReference; fileEncoding = 4; lastKnownFileType = sourcecode.swift; name = NetworkManajer.swift; path = ../../httpconalamofire3/TaskManajer/NetworkManajer.swift; sourceTree = "<group>"; };
		F7467A201EFA8EEF00DE4FB8 /* BackEndAPIManajer.swift */ = {isa = PBXFileReference; fileEncoding = 4; lastKnownFileType = sourcecode.swift; name = BackEndAPIManajer.swift; path = ../../httpconalamofire3/TaskManajer/BackEndAPIManajer.swift; sourceTree = "<group>"; };
		F7467A221EFA8EF900DE4FB8 /* Reachibility.swift */ = {isa = PBXFileReference; fileEncoding = 4; lastKnownFileType = sourcecode.swift; name = Reachibility.swift; path = ../../httpconalamofire3/TaskManajer/Reachibility.swift; sourceTree = "<group>"; };
		F7B93F8A1EF3C68B000A83A9 /* Prueba.app */ = {isa = PBXFileReference; explicitFileType = wrapper.application; includeInIndex = 0; path = Prueba.app; sourceTree = BUILT_PRODUCTS_DIR; };
		F7B93F8D1EF3C68B000A83A9 /* AppDelegate.swift */ = {isa = PBXFileReference; lastKnownFileType = sourcecode.swift; path = AppDelegate.swift; sourceTree = "<group>"; };
		F7B93F8F1EF3C68B000A83A9 /* ViewController.swift */ = {isa = PBXFileReference; lastKnownFileType = sourcecode.swift; path = ViewController.swift; sourceTree = "<group>"; };
		F7B93F921EF3C68B000A83A9 /* Base */ = {isa = PBXFileReference; lastKnownFileType = file.storyboard; name = Base; path = Base.lproj/Main.storyboard; sourceTree = "<group>"; };
		F7B93F941EF3C68B000A83A9 /* Assets.xcassets */ = {isa = PBXFileReference; lastKnownFileType = folder.assetcatalog; path = Assets.xcassets; sourceTree = "<group>"; };
		F7B93F971EF3C68B000A83A9 /* Base */ = {isa = PBXFileReference; lastKnownFileType = file.storyboard; name = Base; path = Base.lproj/LaunchScreen.storyboard; sourceTree = "<group>"; };
		F7B93F991EF3C68B000A83A9 /* Info.plist */ = {isa = PBXFileReference; lastKnownFileType = text.plist.xml; path = Info.plist; sourceTree = "<group>"; };
		F7B93F9E1EF3C68B000A83A9 /* PruebaTests.xctest */ = {isa = PBXFileReference; explicitFileType = wrapper.cfbundle; includeInIndex = 0; path = PruebaTests.xctest; sourceTree = BUILT_PRODUCTS_DIR; };
		F7B93FA21EF3C68B000A83A9 /* PruebaTests.swift */ = {isa = PBXFileReference; lastKnownFileType = sourcecode.swift; path = PruebaTests.swift; sourceTree = "<group>"; };
		F7B93FA41EF3C68B000A83A9 /* Info.plist */ = {isa = PBXFileReference; lastKnownFileType = text.plist.xml; path = Info.plist; sourceTree = "<group>"; };
		F7B93FA91EF3C68B000A83A9 /* PruebaUITests.xctest */ = {isa = PBXFileReference; explicitFileType = wrapper.cfbundle; includeInIndex = 0; path = PruebaUITests.xctest; sourceTree = BUILT_PRODUCTS_DIR; };
		F7B93FAD1EF3C68B000A83A9 /* PruebaUITests.swift */ = {isa = PBXFileReference; lastKnownFileType = sourcecode.swift; path = PruebaUITests.swift; sourceTree = "<group>"; };
		F7B93FAF1EF3C68B000A83A9 /* Info.plist */ = {isa = PBXFileReference; lastKnownFileType = text.plist.xml; path = Info.plist; sourceTree = "<group>"; };
		F7FA51BC1F00F76800FA7850 /* Prueba.xcdatamodel */ = {isa = PBXFileReference; lastKnownFileType = wrapper.xcdatamodel; name = Prueba.xcdatamodel; path = ../../httpconalamofire3/TaskManajer/TaskManajer.xcdatamodeld/Prueba.xcdatamodel; sourceTree = "<group>"; };
		F7FA51C01F00FDFC00FA7850 /* ProtocoloBalizaComunicacion.swift */ = {isa = PBXFileReference; fileEncoding = 4; lastKnownFileType = sourcecode.swift; path = ProtocoloBalizaComunicacion.swift; sourceTree = "<group>"; };
		F7FA51C41F0118A300FA7850 /* BalizaWebService.swift */ = {isa = PBXFileReference; fileEncoding = 4; lastKnownFileType = sourcecode.swift; path = BalizaWebService.swift; sourceTree = "<group>"; };
		F7FA51C61F01285900FA7850 /* BalizaWebServicePresenter.swift */ = {isa = PBXFileReference; fileEncoding = 4; lastKnownFileType = sourcecode.swift; name = BalizaWebServicePresenter.swift; path = ../BalizaWebServicePresenter.swift; sourceTree = "<group>"; };
		F7FA51C91F01506F00FA7850 /* BLEPresenter.swift */ = {isa = PBXFileReference; fileEncoding = 4; lastKnownFileType = sourcecode.swift; path = BLEPresenter.swift; sourceTree = "<group>"; };
		F7FA51CB1F01523500FA7850 /* BLEService.swift */ = {isa = PBXFileReference; fileEncoding = 4; lastKnownFileType = sourcecode.swift; path = BLEService.swift; sourceTree = "<group>"; };
/* End PBXFileReference section */

/* Begin PBXFrameworksBuildPhase section */
		F7B93F871EF3C68B000A83A9 /* Frameworks */ = {
			isa = PBXFrameworksBuildPhase;
			buildActionMask = 2147483647;
			files = (
				F72CD3291EF3E27300A261B9 /* CoreBluetooth.framework in Frameworks */,
				B4ADFB3C603C0C8BEEAC8979 /* Pods_Prueba.framework in Frameworks */,
			);
			runOnlyForDeploymentPostprocessing = 0;
		};
		F7B93F9B1EF3C68B000A83A9 /* Frameworks */ = {
			isa = PBXFrameworksBuildPhase;
			buildActionMask = 2147483647;
			files = (
				40DAB6DBE7D1740A672882D0 /* Pods_PruebaTests.framework in Frameworks */,
			);
			runOnlyForDeploymentPostprocessing = 0;
		};
		F7B93FA61EF3C68B000A83A9 /* Frameworks */ = {
			isa = PBXFrameworksBuildPhase;
			buildActionMask = 2147483647;
			files = (
				24D101D157FA217383EDF39B /* Pods_PruebaUITests.framework in Frameworks */,
			);
			runOnlyForDeploymentPostprocessing = 0;
		};
/* End PBXFrameworksBuildPhase section */

/* Begin PBXGroup section */
		3E7ACA9F94BE2678AC61A0E8 /* Pods */ = {
			isa = PBXGroup;
			children = (
				72FB804E6EE08EA27C274561 /* Pods-Prueba.debug.xcconfig */,
				59B7273B35869AA4CE0FDA98 /* Pods-Prueba.release.xcconfig */,
				37414136A1E294B86B3C28BD /* Pods-PruebaTests.debug.xcconfig */,
				DE218734D5F5DEB6058D191A /* Pods-PruebaTests.release.xcconfig */,
				5BCF83AA2E9382C4AFD25694 /* Pods-PruebaUITests.debug.xcconfig */,
				4BA917BD672B7EF2A15E8C77 /* Pods-PruebaUITests.release.xcconfig */,
			);
			name = Pods;
			sourceTree = "<group>";
		};
		F72CD3271EF3E27300A261B9 /* Frameworks */ = {
			isa = PBXGroup;
			children = (
				F72CD3281EF3E27300A261B9 /* CoreBluetooth.framework */,
				8F6F6CB2A370EED2ED492D13 /* Pods_Prueba.framework */,
				05EEDFC18E96070A3DA6FAB4 /* Pods_PruebaTests.framework */,
				313A2DE7C66AFDB6D73E0C44 /* Pods_PruebaUITests.framework */,
			);
			name = Frameworks;
			sourceTree = "<group>";
		};
		F7B93F811EF3C68B000A83A9 = {
			isa = PBXGroup;
			children = (
				F7B93F8C1EF3C68B000A83A9 /* Prueba */,
				F7B93FA11EF3C68B000A83A9 /* PruebaTests */,
				F7B93FAC1EF3C68B000A83A9 /* PruebaUITests */,
				F7B93F8B1EF3C68B000A83A9 /* Products */,
				F72CD3271EF3E27300A261B9 /* Frameworks */,
				3E7ACA9F94BE2678AC61A0E8 /* Pods */,
			);
			sourceTree = "<group>";
		};
		F7B93F8B1EF3C68B000A83A9 /* Products */ = {
			isa = PBXGroup;
			children = (
				F7B93F8A1EF3C68B000A83A9 /* Prueba.app */,
				F7B93F9E1EF3C68B000A83A9 /* PruebaTests.xctest */,
				F7B93FA91EF3C68B000A83A9 /* PruebaUITests.xctest */,
			);
			name = Products;
			sourceTree = "<group>";
		};
		F7B93F8C1EF3C68B000A83A9 /* Prueba */ = {
			isa = PBXGroup;
			children = (
				F72CD32A1EF4082D00A261B9 /* Prueba.entitlements */,
				F7B93F8D1EF3C68B000A83A9 /* AppDelegate.swift */,
				F7FA51C91F01506F00FA7850 /* BLEPresenter.swift */,
				F7FA51CB1F01523500FA7850 /* BLEService.swift */,
				F7B93F8F1EF3C68B000A83A9 /* ViewController.swift */,
				F7FA51C61F01285900FA7850 /* BalizaWebServicePresenter.swift */,
				F7467A181EFA8C6300DE4FB8 /* WebserviceViewController.swift */,
				F7FA51C41F0118A300FA7850 /* BalizaWebService.swift */,
				F7B93F911EF3C68B000A83A9 /* Main.storyboard */,
				F7B93F941EF3C68B000A83A9 /* Assets.xcassets */,
				F7B93F961EF3C68B000A83A9 /* LaunchScreen.storyboard */,
				F7467A1E1EFA8EE600DE4FB8 /* NetworkManajer.swift */,
				F7467A201EFA8EEF00DE4FB8 /* BackEndAPIManajer.swift */,
				F7467A221EFA8EF900DE4FB8 /* Reachibility.swift */,
				F7FA51BC1F00F76800FA7850 /* Prueba.xcdatamodel */,
				F7467A1C1EFA8DC800DE4FB8 /* ReachabilitySwift.swift */,
				F7B93F991EF3C68B000A83A9 /* Info.plist */,
				F7FA51C01F00FDFC00FA7850 /* ProtocoloBalizaComunicacion.swift */,
			);
			path = Prueba;
			sourceTree = "<group>";
		};
		F7B93FA11EF3C68B000A83A9 /* PruebaTests */ = {
			isa = PBXGroup;
			children = (
				F7B93FA21EF3C68B000A83A9 /* PruebaTests.swift */,
				F7B93FA41EF3C68B000A83A9 /* Info.plist */,
			);
			path = PruebaTests;
			sourceTree = "<group>";
		};
		F7B93FAC1EF3C68B000A83A9 /* PruebaUITests */ = {
			isa = PBXGroup;
			children = (
				F7B93FAD1EF3C68B000A83A9 /* PruebaUITests.swift */,
				F7B93FAF1EF3C68B000A83A9 /* Info.plist */,
			);
			path = PruebaUITests;
			sourceTree = "<group>";
		};
/* End PBXGroup section */

/* Begin PBXNativeTarget section */
		F7B93F891EF3C68B000A83A9 /* Prueba */ = {
			isa = PBXNativeTarget;
			buildConfigurationList = F7B93FB21EF3C68B000A83A9 /* Build configuration list for PBXNativeTarget "Prueba" */;
			buildPhases = (
				F6BACA9BFE8227F26E34347C /* [CP] Check Pods Manifest.lock */,
				F7B93F861EF3C68B000A83A9 /* Sources */,
				F7B93F871EF3C68B000A83A9 /* Frameworks */,
				F7B93F881EF3C68B000A83A9 /* Resources */,
				9E692DCCF7AFB34B4D985765 /* [CP] Embed Pods Frameworks */,
				6E836CD8F97B3E4B5B175610 /* [CP] Copy Pods Resources */,
			);
			buildRules = (
			);
			dependencies = (
			);
			name = Prueba;
			productName = Prueba;
			productReference = F7B93F8A1EF3C68B000A83A9 /* Prueba.app */;
			productType = "com.apple.product-type.application";
		};
		F7B93F9D1EF3C68B000A83A9 /* PruebaTests */ = {
			isa = PBXNativeTarget;
			buildConfigurationList = F7B93FB51EF3C68B000A83A9 /* Build configuration list for PBXNativeTarget "PruebaTests" */;
			buildPhases = (
				C8F8DB4BFD2F1EB1F6AF8B26 /* [CP] Check Pods Manifest.lock */,
				F7B93F9A1EF3C68B000A83A9 /* Sources */,
				F7B93F9B1EF3C68B000A83A9 /* Frameworks */,
				F7B93F9C1EF3C68B000A83A9 /* Resources */,
				D16A7B220450386E4B1A19E2 /* [CP] Embed Pods Frameworks */,
				A7F87EC1B404F6786C9A2579 /* [CP] Copy Pods Resources */,
			);
			buildRules = (
			);
			dependencies = (
				F7B93FA01EF3C68B000A83A9 /* PBXTargetDependency */,
			);
			name = PruebaTests;
			productName = PruebaTests;
			productReference = F7B93F9E1EF3C68B000A83A9 /* PruebaTests.xctest */;
			productType = "com.apple.product-type.bundle.unit-test";
		};
		F7B93FA81EF3C68B000A83A9 /* PruebaUITests */ = {
			isa = PBXNativeTarget;
			buildConfigurationList = F7B93FB81EF3C68B000A83A9 /* Build configuration list for PBXNativeTarget "PruebaUITests" */;
			buildPhases = (
				89EA59EEAF8BA7E3524C294E /* [CP] Check Pods Manifest.lock */,
				F7B93FA51EF3C68B000A83A9 /* Sources */,
				F7B93FA61EF3C68B000A83A9 /* Frameworks */,
				F7B93FA71EF3C68B000A83A9 /* Resources */,
				14516890BD90729341AFA800 /* [CP] Embed Pods Frameworks */,
				4F6BF7CE253FFE0CF978D037 /* [CP] Copy Pods Resources */,
			);
			buildRules = (
			);
			dependencies = (
				F7B93FAB1EF3C68B000A83A9 /* PBXTargetDependency */,
			);
			name = PruebaUITests;
			productName = PruebaUITests;
			productReference = F7B93FA91EF3C68B000A83A9 /* PruebaUITests.xctest */;
			productType = "com.apple.product-type.bundle.ui-testing";
		};
/* End PBXNativeTarget section */

/* Begin PBXProject section */
		F7B93F821EF3C68B000A83A9 /* Project object */ = {
			isa = PBXProject;
			attributes = {
				LastSwiftUpdateCheck = 0830;
				LastUpgradeCheck = 0830;
				ORGANIZATIONNAME = Ayoze;
				TargetAttributes = {
					F7B93F891EF3C68B000A83A9 = {
						CreatedOnToolsVersion = 8.3.2;
						DevelopmentTeam = 9656LCUXLS;
						ProvisioningStyle = Automatic;
						SystemCapabilities = {
							com.apple.DataProtection = {
								enabled = 0;
							};
						};
					};
					F7B93F9D1EF3C68B000A83A9 = {
						CreatedOnToolsVersion = 8.3.2;
						ProvisioningStyle = Automatic;
						TestTargetID = F7B93F891EF3C68B000A83A9;
					};
					F7B93FA81EF3C68B000A83A9 = {
						CreatedOnToolsVersion = 8.3.2;
						ProvisioningStyle = Automatic;
						TestTargetID = F7B93F891EF3C68B000A83A9;
					};
				};
			};
			buildConfigurationList = F7B93F851EF3C68B000A83A9 /* Build configuration list for PBXProject "Prueba" */;
			compatibilityVersion = "Xcode 3.2";
			developmentRegion = English;
			hasScannedForEncodings = 0;
			knownRegions = (
				en,
				Base,
			);
			mainGroup = F7B93F811EF3C68B000A83A9;
			productRefGroup = F7B93F8B1EF3C68B000A83A9 /* Products */;
			projectDirPath = "";
			projectRoot = "";
			targets = (
				F7B93F891EF3C68B000A83A9 /* Prueba */,
				F7B93F9D1EF3C68B000A83A9 /* PruebaTests */,
				F7B93FA81EF3C68B000A83A9 /* PruebaUITests */,
			);
		};
/* End PBXProject section */

/* Begin PBXResourcesBuildPhase section */
		F7B93F881EF3C68B000A83A9 /* Resources */ = {
			isa = PBXResourcesBuildPhase;
			buildActionMask = 2147483647;
			files = (
				F7B93F981EF3C68B000A83A9 /* LaunchScreen.storyboard in Resources */,
				F7B93F951EF3C68B000A83A9 /* Assets.xcassets in Resources */,
				F7B93F931EF3C68B000A83A9 /* Main.storyboard in Resources */,
			);
			runOnlyForDeploymentPostprocessing = 0;
		};
		F7B93F9C1EF3C68B000A83A9 /* Resources */ = {
			isa = PBXResourcesBuildPhase;
			buildActionMask = 2147483647;
			files = (
			);
			runOnlyForDeploymentPostprocessing = 0;
		};
		F7B93FA71EF3C68B000A83A9 /* Resources */ = {
			isa = PBXResourcesBuildPhase;
			buildActionMask = 2147483647;
			files = (
			);
			runOnlyForDeploymentPostprocessing = 0;
		};
/* End PBXResourcesBuildPhase section */

/* Begin PBXShellScriptBuildPhase section */
		14516890BD90729341AFA800 /* [CP] Embed Pods Frameworks */ = {
			isa = PBXShellScriptBuildPhase;
			buildActionMask = 2147483647;
			files = (
			);
			inputPaths = (
			);
			name = "[CP] Embed Pods Frameworks";
			outputPaths = (
			);
			runOnlyForDeploymentPostprocessing = 0;
			shellPath = /bin/sh;
			shellScript = "\"${SRCROOT}/Pods/Target Support Files/Pods-PruebaUITests/Pods-PruebaUITests-frameworks.sh\"\n";
			showEnvVarsInLog = 0;
		};
		4F6BF7CE253FFE0CF978D037 /* [CP] Copy Pods Resources */ = {
			isa = PBXShellScriptBuildPhase;
			buildActionMask = 2147483647;
			files = (
			);
			inputPaths = (
			);
			name = "[CP] Copy Pods Resources";
			outputPaths = (
			);
			runOnlyForDeploymentPostprocessing = 0;
			shellPath = /bin/sh;
			shellScript = "\"${SRCROOT}/Pods/Target Support Files/Pods-PruebaUITests/Pods-PruebaUITests-resources.sh\"\n";
			showEnvVarsInLog = 0;
		};
		6E836CD8F97B3E4B5B175610 /* [CP] Copy Pods Resources */ = {
			isa = PBXShellScriptBuildPhase;
			buildActionMask = 2147483647;
			files = (
			);
			inputPaths = (
			);
			name = "[CP] Copy Pods Resources";
			outputPaths = (
			);
			runOnlyForDeploymentPostprocessing = 0;
			shellPath = /bin/sh;
			shellScript = "\"${SRCROOT}/Pods/Target Support Files/Pods-Prueba/Pods-Prueba-resources.sh\"\n";
			showEnvVarsInLog = 0;
		};
		89EA59EEAF8BA7E3524C294E /* [CP] Check Pods Manifest.lock */ = {
			isa = PBXShellScriptBuildPhase;
			buildActionMask = 2147483647;
			files = (
			);
			inputPaths = (
			);
			name = "[CP] Check Pods Manifest.lock";
			outputPaths = (
			);
			runOnlyForDeploymentPostprocessing = 0;
			shellPath = /bin/sh;
			shellScript = "diff \"${PODS_PODFILE_DIR_PATH}/Podfile.lock\" \"${PODS_ROOT}/Manifest.lock\" > /dev/null\nif [ $? != 0 ] ; then\n    # print error to STDERR\n    echo \"error: The sandbox is not in sync with the Podfile.lock. Run 'pod install' or update your CocoaPods installation.\" >&2\n    exit 1\nfi\n";
			showEnvVarsInLog = 0;
		};
		9E692DCCF7AFB34B4D985765 /* [CP] Embed Pods Frameworks */ = {
			isa = PBXShellScriptBuildPhase;
			buildActionMask = 2147483647;
			files = (
			);
			inputPaths = (
			);
			name = "[CP] Embed Pods Frameworks";
			outputPaths = (
			);
			runOnlyForDeploymentPostprocessing = 0;
			shellPath = /bin/sh;
			shellScript = "\"${SRCROOT}/Pods/Target Support Files/Pods-Prueba/Pods-Prueba-frameworks.sh\"\n";
			showEnvVarsInLog = 0;
		};
		A7F87EC1B404F6786C9A2579 /* [CP] Copy Pods Resources */ = {
			isa = PBXShellScriptBuildPhase;
			buildActionMask = 2147483647;
			files = (
			);
			inputPaths = (
			);
			name = "[CP] Copy Pods Resources";
			outputPaths = (
			);
			runOnlyForDeploymentPostprocessing = 0;
			shellPath = /bin/sh;
			shellScript = "\"${SRCROOT}/Pods/Target Support Files/Pods-PruebaTests/Pods-PruebaTests-resources.sh\"\n";
			showEnvVarsInLog = 0;
		};
		C8F8DB4BFD2F1EB1F6AF8B26 /* [CP] Check Pods Manifest.lock */ = {
			isa = PBXShellScriptBuildPhase;
			buildActionMask = 2147483647;
			files = (
			);
			inputPaths = (
			);
			name = "[CP] Check Pods Manifest.lock";
			outputPaths = (
			);
			runOnlyForDeploymentPostprocessing = 0;
			shellPath = /bin/sh;
			shellScript = "diff \"${PODS_PODFILE_DIR_PATH}/Podfile.lock\" \"${PODS_ROOT}/Manifest.lock\" > /dev/null\nif [ $? != 0 ] ; then\n    # print error to STDERR\n    echo \"error: The sandbox is not in sync with the Podfile.lock. Run 'pod install' or update your CocoaPods installation.\" >&2\n    exit 1\nfi\n";
			showEnvVarsInLog = 0;
		};
		D16A7B220450386E4B1A19E2 /* [CP] Embed Pods Frameworks */ = {
			isa = PBXShellScriptBuildPhase;
			buildActionMask = 2147483647;
			files = (
			);
			inputPaths = (
			);
			name = "[CP] Embed Pods Frameworks";
			outputPaths = (
			);
			runOnlyForDeploymentPostprocessing = 0;
			shellPath = /bin/sh;
			shellScript = "\"${SRCROOT}/Pods/Target Support Files/Pods-PruebaTests/Pods-PruebaTests-frameworks.sh\"\n";
			showEnvVarsInLog = 0;
		};
		F6BACA9BFE8227F26E34347C /* [CP] Check Pods Manifest.lock */ = {
			isa = PBXShellScriptBuildPhase;
			buildActionMask = 2147483647;
			files = (
			);
			inputPaths = (
			);
			name = "[CP] Check Pods Manifest.lock";
			outputPaths = (
			);
			runOnlyForDeploymentPostprocessing = 0;
			shellPath = /bin/sh;
			shellScript = "diff \"${PODS_PODFILE_DIR_PATH}/Podfile.lock\" \"${PODS_ROOT}/Manifest.lock\" > /dev/null\nif [ $? != 0 ] ; then\n    # print error to STDERR\n    echo \"error: The sandbox is not in sync with the Podfile.lock. Run 'pod install' or update your CocoaPods installation.\" >&2\n    exit 1\nfi\n";
			showEnvVarsInLog = 0;
		};
/* End PBXShellScriptBuildPhase section */

/* Begin PBXSourcesBuildPhase section */
		F7B93F861EF3C68B000A83A9 /* Sources */ = {
			isa = PBXSourcesBuildPhase;
			buildActionMask = 2147483647;
			files = (
				F7467A231EFA8EF900DE4FB8 /* Reachibility.swift in Sources */,
				F7467A211EFA8EEF00DE4FB8 /* BackEndAPIManajer.swift in Sources */,
				F7FA51BD1F00F76800FA7850 /* Prueba.xcdatamodel in Sources */,
				F7467A1F1EFA8EE600DE4FB8 /* NetworkManajer.swift in Sources */,
				F7FA51CC1F01523500FA7850 /* BLEService.swift in Sources */,
				F7FA51CA1F01506F00FA7850 /* BLEPresenter.swift in Sources */,
				F7467A1D1EFA8DC800DE4FB8 /* ReachabilitySwift.swift in Sources */,
				F7B93F901EF3C68B000A83A9 /* ViewController.swift in Sources */,
				F7B93F8E1EF3C68B000A83A9 /* AppDelegate.swift in Sources */,
				F7FA51C11F00FDFC00FA7850 /* ProtocoloBalizaComunicacion.swift in Sources */,
				F7FA51C71F01285900FA7850 /* BalizaWebServicePresenter.swift in Sources */,
				F7467A191EFA8C6300DE4FB8 /* WebserviceViewController.swift in Sources */,
				F7FA51C51F0118A300FA7850 /* BalizaWebService.swift in Sources */,
			);
			runOnlyForDeploymentPostprocessing = 0;
		};
		F7B93F9A1EF3C68B000A83A9 /* Sources */ = {
			isa = PBXSourcesBuildPhase;
			buildActionMask = 2147483647;
			files = (
				F7B93FA31EF3C68B000A83A9 /* PruebaTests.swift in Sources */,
			);
			runOnlyForDeploymentPostprocessing = 0;
		};
		F7B93FA51EF3C68B000A83A9 /* Sources */ = {
			isa = PBXSourcesBuildPhase;
			buildActionMask = 2147483647;
			files = (
				F7B93FAE1EF3C68B000A83A9 /* PruebaUITests.swift in Sources */,
			);
			runOnlyForDeploymentPostprocessing = 0;
		};
/* End PBXSourcesBuildPhase section */

/* Begin PBXTargetDependency section */
		F7B93FA01EF3C68B000A83A9 /* PBXTargetDependency */ = {
			isa = PBXTargetDependency;
			target = F7B93F891EF3C68B000A83A9 /* Prueba */;
			targetProxy = F7B93F9F1EF3C68B000A83A9 /* PBXContainerItemProxy */;
		};
		F7B93FAB1EF3C68B000A83A9 /* PBXTargetDependency */ = {
			isa = PBXTargetDependency;
			target = F7B93F891EF3C68B000A83A9 /* Prueba */;
			targetProxy = F7B93FAA1EF3C68B000A83A9 /* PBXContainerItemProxy */;
		};
/* End PBXTargetDependency section */

/* Begin PBXVariantGroup section */
		F7B93F911EF3C68B000A83A9 /* Main.storyboard */ = {
			isa = PBXVariantGroup;
			children = (
				F7B93F921EF3C68B000A83A9 /* Base */,
			);
			name = Main.storyboard;
			sourceTree = "<group>";
		};
		F7B93F961EF3C68B000A83A9 /* LaunchScreen.storyboard */ = {
			isa = PBXVariantGroup;
			children = (
				F7B93F971EF3C68B000A83A9 /* Base */,
			);
			name = LaunchScreen.storyboard;
			sourceTree = "<group>";
		};
/* End PBXVariantGroup section */

/* Begin XCBuildConfiguration section */
		F7B93FB01EF3C68B000A83A9 /* Debug */ = {
			isa = XCBuildConfiguration;
			buildSettings = {
				ALWAYS_SEARCH_USER_PATHS = NO;
				CLANG_ANALYZER_NONNULL = YES;
				CLANG_ANALYZER_NUMBER_OBJECT_CONVERSION = YES_AGGRESSIVE;
				CLANG_CXX_LANGUAGE_STANDARD = "gnu++0x";
				CLANG_CXX_LIBRARY = "libc++";
				CLANG_ENABLE_MODULES = YES;
				CLANG_ENABLE_OBJC_ARC = YES;
				CLANG_WARN_BOOL_CONVERSION = YES;
				CLANG_WARN_CONSTANT_CONVERSION = YES;
				CLANG_WARN_DIRECT_OBJC_ISA_USAGE = YES_ERROR;
				CLANG_WARN_DOCUMENTATION_COMMENTS = YES;
				CLANG_WARN_EMPTY_BODY = YES;
				CLANG_WARN_ENUM_CONVERSION = YES;
				CLANG_WARN_INFINITE_RECURSION = YES;
				CLANG_WARN_INT_CONVERSION = YES;
				CLANG_WARN_OBJC_ROOT_CLASS = YES_ERROR;
				CLANG_WARN_SUSPICIOUS_MOVE = YES;
				CLANG_WARN_UNREACHABLE_CODE = YES;
				CLANG_WARN__DUPLICATE_METHOD_MATCH = YES;
				"CODE_SIGN_IDENTITY[sdk=iphoneos*]" = "iPhone Developer";
				COPY_PHASE_STRIP = NO;
				DEBUG_INFORMATION_FORMAT = dwarf;
				ENABLE_STRICT_OBJC_MSGSEND = YES;
				ENABLE_TESTABILITY = YES;
				GCC_C_LANGUAGE_STANDARD = gnu99;
				GCC_DYNAMIC_NO_PIC = NO;
				GCC_NO_COMMON_BLOCKS = YES;
				GCC_OPTIMIZATION_LEVEL = 0;
				GCC_PREPROCESSOR_DEFINITIONS = (
					"DEBUG=1",
					"$(inherited)",
				);
				GCC_WARN_64_TO_32_BIT_CONVERSION = YES;
				GCC_WARN_ABOUT_RETURN_TYPE = YES_ERROR;
				GCC_WARN_UNDECLARED_SELECTOR = YES;
				GCC_WARN_UNINITIALIZED_AUTOS = YES_AGGRESSIVE;
				GCC_WARN_UNUSED_FUNCTION = YES;
				GCC_WARN_UNUSED_VARIABLE = YES;
				IPHONEOS_DEPLOYMENT_TARGET = 10.3;
				MTL_ENABLE_DEBUG_INFO = YES;
				ONLY_ACTIVE_ARCH = YES;
				SDKROOT = iphoneos;
				SWIFT_ACTIVE_COMPILATION_CONDITIONS = DEBUG;
				SWIFT_OPTIMIZATION_LEVEL = "-Onone";
				TARGETED_DEVICE_FAMILY = "1,2";
			};
			name = Debug;
		};
		F7B93FB11EF3C68B000A83A9 /* Release */ = {
			isa = XCBuildConfiguration;
			buildSettings = {
				ALWAYS_SEARCH_USER_PATHS = NO;
				CLANG_ANALYZER_NONNULL = YES;
				CLANG_ANALYZER_NUMBER_OBJECT_CONVERSION = YES_AGGRESSIVE;
				CLANG_CXX_LANGUAGE_STANDARD = "gnu++0x";
				CLANG_CXX_LIBRARY = "libc++";
				CLANG_ENABLE_MODULES = YES;
				CLANG_ENABLE_OBJC_ARC = YES;
				CLANG_WARN_BOOL_CONVERSION = YES;
				CLANG_WARN_CONSTANT_CONVERSION = YES;
				CLANG_WARN_DIRECT_OBJC_ISA_USAGE = YES_ERROR;
				CLANG_WARN_DOCUMENTATION_COMMENTS = YES;
				CLANG_WARN_EMPTY_BODY = YES;
				CLANG_WARN_ENUM_CONVERSION = YES;
				CLANG_WARN_INFINITE_RECURSION = YES;
				CLANG_WARN_INT_CONVERSION = YES;
				CLANG_WARN_OBJC_ROOT_CLASS = YES_ERROR;
				CLANG_WARN_SUSPICIOUS_MOVE = YES;
				CLANG_WARN_UNREACHABLE_CODE = YES;
				CLANG_WARN__DUPLICATE_METHOD_MATCH = YES;
				"CODE_SIGN_IDENTITY[sdk=iphoneos*]" = "iPhone Developer";
				COPY_PHASE_STRIP = NO;
				DEBUG_INFORMATION_FORMAT = "dwarf-with-dsym";
				ENABLE_NS_ASSERTIONS = NO;
				ENABLE_STRICT_OBJC_MSGSEND = YES;
				GCC_C_LANGUAGE_STANDARD = gnu99;
				GCC_NO_COMMON_BLOCKS = YES;
				GCC_WARN_64_TO_32_BIT_CONVERSION = YES;
				GCC_WARN_ABOUT_RETURN_TYPE = YES_ERROR;
				GCC_WARN_UNDECLARED_SELECTOR = YES;
				GCC_WARN_UNINITIALIZED_AUTOS = YES_AGGRESSIVE;
				GCC_WARN_UNUSED_FUNCTION = YES;
				GCC_WARN_UNUSED_VARIABLE = YES;
				IPHONEOS_DEPLOYMENT_TARGET = 10.3;
				MTL_ENABLE_DEBUG_INFO = NO;
				SDKROOT = iphoneos;
				SWIFT_OPTIMIZATION_LEVEL = "-Owholemodule";
				TARGETED_DEVICE_FAMILY = "1,2";
				VALIDATE_PRODUCT = YES;
			};
			name = Release;
		};
		F7B93FB31EF3C68B000A83A9 /* Debug */ = {
			isa = XCBuildConfiguration;
			baseConfigurationReference = 72FB804E6EE08EA27C274561 /* Pods-Prueba.debug.xcconfig */;
			buildSettings = {
				ASSETCATALOG_COMPILER_APPICON_NAME = AppIcon;
				"CODE_SIGN_IDENTITY[sdk=iphoneos*]" = "iPhone Developer";
				DEVELOPMENT_TEAM = 9656LCUXLS;
				INFOPLIST_FILE = Prueba/Info.plist;
				LD_RUNPATH_SEARCH_PATHS = "$(inherited) @executable_path/Frameworks";
				PRODUCT_BUNDLE_IDENTIFIER = mhp.Prueba;
				PRODUCT_NAME = "$(TARGET_NAME)";
				PROVISIONING_PROFILE_SPECIFIER = "";
				SWIFT_VERSION = 3.0;
			};
			name = Debug;
		};
		F7B93FB41EF3C68B000A83A9 /* Release */ = {
			isa = XCBuildConfiguration;
			baseConfigurationReference = 59B7273B35869AA4CE0FDA98 /* Pods-Prueba.release.xcconfig */;
			buildSettings = {
				ASSETCATALOG_COMPILER_APPICON_NAME = AppIcon;
				"CODE_SIGN_IDENTITY[sdk=iphoneos*]" = "iPhone Developer";
				DEVELOPMENT_TEAM = 9656LCUXLS;
				INFOPLIST_FILE = Prueba/Info.plist;
				LD_RUNPATH_SEARCH_PATHS = "$(inherited) @executable_path/Frameworks";
				PRODUCT_BUNDLE_IDENTIFIER = mhp.Prueba;
				PRODUCT_NAME = "$(TARGET_NAME)";
				PROVISIONING_PROFILE_SPECIFIER = "";
				SWIFT_VERSION = 3.0;
			};
			name = Release;
		};
		F7B93FB61EF3C68B000A83A9 /* Debug */ = {
			isa = XCBuildConfiguration;
			baseConfigurationReference = 37414136A1E294B86B3C28BD /* Pods-PruebaTests.debug.xcconfig */;
			buildSettings = {
				ALWAYS_EMBED_SWIFT_STANDARD_LIBRARIES = YES;
				BUNDLE_LOADER = "$(TEST_HOST)";
				INFOPLIST_FILE = PruebaTests/Info.plist;
				LD_RUNPATH_SEARCH_PATHS = "$(inherited) @executable_path/Frameworks @loader_path/Frameworks";
				PRODUCT_BUNDLE_IDENTIFIER = mhp.PruebaTests;
				PRODUCT_NAME = "$(TARGET_NAME)";
				SWIFT_VERSION = 3.0;
				TEST_HOST = "$(BUILT_PRODUCTS_DIR)/Prueba.app/Prueba";
			};
			name = Debug;
		};
		F7B93FB71EF3C68B000A83A9 /* Release */ = {
			isa = XCBuildConfiguration;
			baseConfigurationReference = DE218734D5F5DEB6058D191A /* Pods-PruebaTests.release.xcconfig */;
			buildSettings = {
				ALWAYS_EMBED_SWIFT_STANDARD_LIBRARIES = YES;
				BUNDLE_LOADER = "$(TEST_HOST)";
				INFOPLIST_FILE = PruebaTests/Info.plist;
				LD_RUNPATH_SEARCH_PATHS = "$(inherited) @executable_path/Frameworks @loader_path/Frameworks";
				PRODUCT_BUNDLE_IDENTIFIER = mhp.PruebaTests;
				PRODUCT_NAME = "$(TARGET_NAME)";
				SWIFT_VERSION = 3.0;
				TEST_HOST = "$(BUILT_PRODUCTS_DIR)/Prueba.app/Prueba";
			};
			name = Release;
		};
		F7B93FB91EF3C68B000A83A9 /* Debug */ = {
			isa = XCBuildConfiguration;
			baseConfigurationReference = 5BCF83AA2E9382C4AFD25694 /* Pods-PruebaUITests.debug.xcconfig */;
			buildSettings = {
				ALWAYS_EMBED_SWIFT_STANDARD_LIBRARIES = YES;
				INFOPLIST_FILE = PruebaUITests/Info.plist;
				LD_RUNPATH_SEARCH_PATHS = "$(inherited) @executable_path/Frameworks @loader_path/Frameworks";
				PRODUCT_BUNDLE_IDENTIFIER = mhp.PruebaUITests;
				PRODUCT_NAME = "$(TARGET_NAME)";
				SWIFT_VERSION = 3.0;
				TEST_TARGET_NAME = Prueba;
			};
			name = Debug;
		};
		F7B93FBA1EF3C68B000A83A9 /* Release */ = {
			isa = XCBuildConfiguration;
			baseConfigurationReference = 4BA917BD672B7EF2A15E8C77 /* Pods-PruebaUITests.release.xcconfig */;
			buildSettings = {
				ALWAYS_EMBED_SWIFT_STANDARD_LIBRARIES = YES;
				INFOPLIST_FILE = PruebaUITests/Info.plist;
				LD_RUNPATH_SEARCH_PATHS = "$(inherited) @executable_path/Frameworks @loader_path/Frameworks";
				PRODUCT_BUNDLE_IDENTIFIER = mhp.PruebaUITests;
				PRODUCT_NAME = "$(TARGET_NAME)";
				SWIFT_VERSION = 3.0;
				TEST_TARGET_NAME = Prueba;
			};
			name = Release;
		};
/* End XCBuildConfiguration section */

/* Begin XCConfigurationList section */
		F7B93F851EF3C68B000A83A9 /* Build configuration list for PBXProject "Prueba" */ = {
			isa = XCConfigurationList;
			buildConfigurations = (
				F7B93FB01EF3C68B000A83A9 /* Debug */,
				F7B93FB11EF3C68B000A83A9 /* Release */,
			);
			defaultConfigurationIsVisible = 0;
			defaultConfigurationName = Release;
		};
		F7B93FB21EF3C68B000A83A9 /* Build configuration list for PBXNativeTarget "Prueba" */ = {
			isa = XCConfigurationList;
			buildConfigurations = (
				F7B93FB31EF3C68B000A83A9 /* Debug */,
				F7B93FB41EF3C68B000A83A9 /* Release */,
			);
			defaultConfigurationIsVisible = 0;
			defaultConfigurationName = Release;
		};
		F7B93FB51EF3C68B000A83A9 /* Build configuration list for PBXNativeTarget "PruebaTests" */ = {
			isa = XCConfigurationList;
			buildConfigurations = (
				F7B93FB61EF3C68B000A83A9 /* Debug */,
				F7B93FB71EF3C68B000A83A9 /* Release */,
			);
			defaultConfigurationIsVisible = 0;
			defaultConfigurationName = Release;
		};
		F7B93FB81EF3C68B000A83A9 /* Build configuration list for PBXNativeTarget "PruebaUITests" */ = {
			isa = XCConfigurationList;
			buildConfigurations = (
				F7B93FB91EF3C68B000A83A9 /* Debug */,
				F7B93FBA1EF3C68B000A83A9 /* Release */,
			);
			defaultConfigurationIsVisible = 0;
			defaultConfigurationName = Release;
		};
/* End XCConfigurationList section */
	};
	rootObject = F7B93F821EF3C68B000A83A9 /* Project object */;
}
